
Microsoft Visual Studio Solution File, Format Version 12.00
# Visual Studio 15
Project("{FAE04EC0-301F-11D3-BF4B-00C04F79EFBC}") = "SteamVR", "SteamVR.csproj", "{BD0F34CA-A17E-E9E2-F98F-B7F31B7DE47B}"
EndProject
Project("{FAE04EC0-301F-11D3-BF4B-00C04F79EFBC}") = "SteamVR_Input_Editor", "SteamVR_Input_Editor.csproj", "{F36A7479-7E93-D43F-8924-EBB006676C88}"
EndProject
Project("{FAE04EC0-301F-11D3-BF4B-00C04F79EFBC}") = "Assembly-CSharp", "Assembly-CSharp.csproj", "{5BE53E10-A1BD-35BF-AAA6-17192095D6D0}"
EndProject
Project("{FAE04EC0-301F-11D3-BF4B-00C04F79EFBC}") = "SteamVR_Actions", "SteamVR_Actions.csproj", "{096A4BA5-CF7B-347C-6DC0-905EC7F79A90}"
EndProject
Project("{FAE04EC0-301F-11D3-BF4B-00C04F79EFBC}") = "SteamVR_Editor", "SteamVR_Editor.csproj", "{3D8FB6D3-777A-B2D6-B771-46AD42695AB6}"
EndProject
Project("{FAE04EC0-301F-11D3-BF4B-00C04F79EFBC}") = "SteamVR_Windows_EditorHelper", "SteamVR_Windows_EditorHelper.csproj", "{4FDC9530-B7EF-A28F-3263-207C47296D50}"
EndProject
Global
	GlobalSection(SolutionConfigurationPlatforms) = preSolution
		Debug|Any CPU = Debug|Any CPU
		Release|Any CPU = Release|Any CPU
	EndGlobalSection
	GlobalSection(ProjectConfigurationPlatforms) = postSolution
		{BD0F34CA-A17E-E9E2-F98F-B7F31B7DE47B}.Debug|Any CPU.ActiveCfg = Debug|Any CPU
		{BD0F34CA-A17E-E9E2-F98F-B7F31B7DE47B}.Debug|Any CPU.Build.0 = Debug|Any CPU
		{BD0F34CA-A17E-E9E2-F98F-B7F31B7DE47B}.Release|Any CPU.ActiveCfg = Release|Any CPU
		{BD0F34CA-A17E-E9E2-F98F-B7F31B7DE47B}.Release|Any CPU.Build.0 = Release|Any CPU
		{F36A7479-7E93-D43F-8924-EBB006676C88}.Debug|Any CPU.ActiveCfg = Debug|Any CPU
		{F36A7479-7E93-D43F-8924-EBB006676C88}.Debug|Any CPU.Build.0 = Debug|Any CPU
		{F36A7479-7E93-D43F-8924-EBB006676C88}.Release|Any CPU.ActiveCfg = Release|Any CPU
		{F36A7479-7E93-D43F-8924-EBB006676C88}.Release|Any CPU.Build.0 = Release|Any CPU
		{5BE53E10-A1BD-35BF-AAA6-17192095D6D0}.Debug|Any CPU.ActiveCfg = Debug|Any CPU
		{5BE53E10-A1BD-35BF-AAA6-17192095D6D0}.Debug|Any CPU.Build.0 = Debug|Any CPU
		{5BE53E10-A1BD-35BF-AAA6-17192095D6D0}.Release|Any CPU.ActiveCfg = Release|Any CPU
		{5BE53E10-A1BD-35BF-AAA6-17192095D6D0}.Release|Any CPU.Build.0 = Release|Any CPU
		{096A4BA5-CF7B-347C-6DC0-905EC7F79A90}.Debug|Any CPU.ActiveCfg = Debug|Any CPU
		{096A4BA5-CF7B-347C-6DC0-905EC7F79A90}.Debug|Any CPU.Build.0 = Debug|Any CPU
		{096A4BA5-CF7B-347C-6DC0-905EC7F79A90}.Release|Any CPU.ActiveCfg = Release|Any CPU
		{096A4BA5-CF7B-347C-6DC0-905EC7F79A90}.Release|Any CPU.Build.0 = Release|Any CPU
		{3D8FB6D3-777A-B2D6-B771-46AD42695AB6}.Debug|Any CPU.ActiveCfg = Debug|Any CPU
		{3D8FB6D3-777A-B2D6-B771-46AD42695AB6}.Debug|Any CPU.Build.0 = Debug|Any CPU
		{3D8FB6D3-777A-B2D6-B771-46AD42695AB6}.Release|Any CPU.ActiveCfg = Release|Any CPU
		{3D8FB6D3-777A-B2D6-B771-46AD42695AB6}.Release|Any CPU.Build.0 = Release|Any CPU
		{4FDC9530-B7EF-A28F-3263-207C47296D50}.Debug|Any CPU.ActiveCfg = Debug|Any CPU
		{4FDC9530-B7EF-A28F-3263-207C47296D50}.Debug|Any CPU.Build.0 = Debug|Any CPU
		{4FDC9530-B7EF-A28F-3263-207C47296D50}.Release|Any CPU.ActiveCfg = Release|Any CPU
		{4FDC9530-B7EF-A28F-3263-207C47296D50}.Release|Any CPU.Build.0 = Release|Any CPU
	EndGlobalSection
	GlobalSection(SolutionProperties) = preSolution
		HideSolutionNode = FALSE
	EndGlobalSection
EndGlobal
